// !$*UTF8*$!
{
	archiveVersion = 1;
	classes = {
	};
	objectVersion = 51;
	objects = {

/* Begin PBXBuildFile section */
		4485367EB7638C934967562A /* Pods_MarvelCharacters_MarvelCharactersUITests.framework in Frameworks */ = {isa = PBXBuildFile; fileRef = A1FD72717AE593E5C98CA54E /* Pods_MarvelCharacters_MarvelCharactersUITests.framework */; };
		5B290D012539F9CB00F657D8 /* AppDelegate.swift in Sources */ = {isa = PBXBuildFile; fileRef = 5B290D002539F9CB00F657D8 /* AppDelegate.swift */; };
		5B290D032539F9CB00F657D8 /* SceneDelegate.swift in Sources */ = {isa = PBXBuildFile; fileRef = 5B290D022539F9CB00F657D8 /* SceneDelegate.swift */; };
		5B290D0A2539F9CC00F657D8 /* Assets.xcassets in Resources */ = {isa = PBXBuildFile; fileRef = 5B290D092539F9CC00F657D8 /* Assets.xcassets */; };
		5B290D0D2539F9CC00F657D8 /* LaunchScreen.storyboard in Resources */ = {isa = PBXBuildFile; fileRef = 5B290D0B2539F9CC00F657D8 /* LaunchScreen.storyboard */; };
		5B290D182539F9CC00F657D8 /* MarvelCharactersTests.swift in Sources */ = {isa = PBXBuildFile; fileRef = 5B290D172539F9CC00F657D8 /* MarvelCharactersTests.swift */; };
		5B290D232539F9CC00F657D8 /* MarvelCharactersUITests.swift in Sources */ = {isa = PBXBuildFile; fileRef = 5B290D222539F9CC00F657D8 /* MarvelCharactersUITests.swift */; };
		5B290D3C2539FACD00F657D8 /* Localizable.strings in Resources */ = {isa = PBXBuildFile; fileRef = 5B290D3B2539FACD00F657D8 /* Localizable.strings */; };
		5B290D67253AE84500F657D8 /* CharactersListProtocols.swift in Sources */ = {isa = PBXBuildFile; fileRef = 5B290D66253AE84500F657D8 /* CharactersListProtocols.swift */; };
		5B290D6D253AEC3F00F657D8 /* CharactersListView.xib in Resources */ = {isa = PBXBuildFile; fileRef = 5B290D6C253AEC3F00F657D8 /* CharactersListView.xib */; };
		5B290D72253AEC8500F657D8 /* CharactersListViewController.swift in Sources */ = {isa = PBXBuildFile; fileRef = 5B290D71253AEC8500F657D8 /* CharactersListViewController.swift */; };
		5B290D77253AECB800F657D8 /* CharactersListPresenter.swift in Sources */ = {isa = PBXBuildFile; fileRef = 5B290D76253AECB800F657D8 /* CharactersListPresenter.swift */; };
		5B290D7C253AECC900F657D8 /* CharactersListInteractor.swift in Sources */ = {isa = PBXBuildFile; fileRef = 5B290D7B253AECC900F657D8 /* CharactersListInteractor.swift */; };
		5B290D81253AECE100F657D8 /* CharactersListDataManager.swift in Sources */ = {isa = PBXBuildFile; fileRef = 5B290D80253AECE100F657D8 /* CharactersListDataManager.swift */; };
		5B290D86253AECF200F657D8 /* CharactersListRouter.swift in Sources */ = {isa = PBXBuildFile; fileRef = 5B290D85253AECF200F657D8 /* CharactersListRouter.swift */; };
		5B290D8B253AED0E00F657D8 /* CharactersListViewModel.swift in Sources */ = {isa = PBXBuildFile; fileRef = 5B290D8A253AED0E00F657D8 /* CharactersListViewModel.swift */; };
		5B290D91253AEEB600F657D8 /* CharacterModel.swift in Sources */ = {isa = PBXBuildFile; fileRef = 5B290D90253AEEB600F657D8 /* CharacterModel.swift */; };
		5BA817A3253B505000343E4F /* BaseProtocols.swift in Sources */ = {isa = PBXBuildFile; fileRef = 5BA817A2253B505000343E4F /* BaseProtocols.swift */; };
		5BA817D3253C8BE600343E4F /* MarvelAPIClientConfig.swift in Sources */ = {isa = PBXBuildFile; fileRef = 5BA817D2253C8BE600343E4F /* MarvelAPIClientConfig.swift */; };
		5BA817DB253C8C8C00343E4F /* MarvelAPIAuthentication.swift in Sources */ = {isa = PBXBuildFile; fileRef = 5BA817DA253C8C8C00343E4F /* MarvelAPIAuthentication.swift */; };
		5BA817E3253C8D7F00343E4F /* MarvelHashGenerator.swift in Sources */ = {isa = PBXBuildFile; fileRef = 5BA817E2253C8D7F00343E4F /* MarvelHashGenerator.swift */; };
		5BA817F2253C8E2500343E4F /* MarvelAPIParams.swift in Sources */ = {isa = PBXBuildFile; fileRef = 5BA817F1253C8E2500343E4F /* MarvelAPIParams.swift */; };
		5BA817F7253D045900343E4F /* CharactersListDataNetwork.swift in Sources */ = {isa = PBXBuildFile; fileRef = 5BA817F6253D045900343E4F /* CharactersListDataNetwork.swift */; };
		5BA81805253D102900343E4F /* CharactersAPIModel.swift in Sources */ = {isa = PBXBuildFile; fileRef = 5BA81804253D102900343E4F /* CharactersAPIModel.swift */; };
		5BA8180D253E30FF00343E4F /* CharacterCellViewModel.swift in Sources */ = {isa = PBXBuildFile; fileRef = 5BA8180C253E30FF00343E4F /* CharacterCellViewModel.swift */; };
		5BA81815253E312000343E4F /* CharactersListTableView.swift in Sources */ = {isa = PBXBuildFile; fileRef = 5BA81814253E312000343E4F /* CharactersListTableView.swift */; };
		5BA8181A253E313E00343E4F /* CharacterTableViewCell.swift in Sources */ = {isa = PBXBuildFile; fileRef = 5BA81819253E313E00343E4F /* CharacterTableViewCell.swift */; };
		5BA8181F253E392500343E4F /* CharacterTableViewCell.xib in Resources */ = {isa = PBXBuildFile; fileRef = 5BA8181E253E392500343E4F /* CharacterTableViewCell.xib */; };
		769FAB95C1EED14A26E00E22 /* Pods_MarvelCharactersTests.framework in Frameworks */ = {isa = PBXBuildFile; fileRef = EA2A97379490188D835D946B /* Pods_MarvelCharactersTests.framework */; };
		B50F44302983FAC6F761048B /* Pods_MarvelCharacters.framework in Frameworks */ = {isa = PBXBuildFile; fileRef = 5943EC688F2111EBCA2305BB /* Pods_MarvelCharacters.framework */; };
/* End PBXBuildFile section */

/* Begin PBXContainerItemProxy section */
		5B290D142539F9CC00F657D8 /* PBXContainerItemProxy */ = {
			isa = PBXContainerItemProxy;
			containerPortal = 5B290CF52539F9CB00F657D8 /* Project object */;
			proxyType = 1;
			remoteGlobalIDString = 5B290CFC2539F9CB00F657D8;
			remoteInfo = MarvelCharacters;
		};
		5B290D1F2539F9CC00F657D8 /* PBXContainerItemProxy */ = {
			isa = PBXContainerItemProxy;
			containerPortal = 5B290CF52539F9CB00F657D8 /* Project object */;
			proxyType = 1;
			remoteGlobalIDString = 5B290CFC2539F9CB00F657D8;
			remoteInfo = MarvelCharacters;
		};
/* End PBXContainerItemProxy section */

/* Begin PBXFileReference section */
		0623BF38C624C8E4ED787BEA /* Pods-MarvelCharacters.release.xcconfig */ = {isa = PBXFileReference; includeInIndex = 1; lastKnownFileType = text.xcconfig; name = "Pods-MarvelCharacters.release.xcconfig"; path = "Target Support Files/Pods-MarvelCharacters/Pods-MarvelCharacters.release.xcconfig"; sourceTree = "<group>"; };
		50381DB45D6AD7094F08F83A /* Pods-MarvelCharacters-MarvelCharactersUITests.debug.xcconfig */ = {isa = PBXFileReference; includeInIndex = 1; lastKnownFileType = text.xcconfig; name = "Pods-MarvelCharacters-MarvelCharactersUITests.debug.xcconfig"; path = "Target Support Files/Pods-MarvelCharacters-MarvelCharactersUITests/Pods-MarvelCharacters-MarvelCharactersUITests.debug.xcconfig"; sourceTree = "<group>"; };
		53AC506E851E6B2E12F574B6 /* Pods-MarvelCharactersTests.release.xcconfig */ = {isa = PBXFileReference; includeInIndex = 1; lastKnownFileType = text.xcconfig; name = "Pods-MarvelCharactersTests.release.xcconfig"; path = "Target Support Files/Pods-MarvelCharactersTests/Pods-MarvelCharactersTests.release.xcconfig"; sourceTree = "<group>"; };
		5943EC688F2111EBCA2305BB /* Pods_MarvelCharacters.framework */ = {isa = PBXFileReference; explicitFileType = wrapper.framework; includeInIndex = 0; path = Pods_MarvelCharacters.framework; sourceTree = BUILT_PRODUCTS_DIR; };
		5B290CFD2539F9CB00F657D8 /* MarvelCharacters.app */ = {isa = PBXFileReference; explicitFileType = wrapper.application; includeInIndex = 0; path = MarvelCharacters.app; sourceTree = BUILT_PRODUCTS_DIR; };
		5B290D002539F9CB00F657D8 /* AppDelegate.swift */ = {isa = PBXFileReference; lastKnownFileType = sourcecode.swift; path = AppDelegate.swift; sourceTree = "<group>"; };
		5B290D022539F9CB00F657D8 /* SceneDelegate.swift */ = {isa = PBXFileReference; lastKnownFileType = sourcecode.swift; path = SceneDelegate.swift; sourceTree = "<group>"; };
		5B290D092539F9CC00F657D8 /* Assets.xcassets */ = {isa = PBXFileReference; lastKnownFileType = folder.assetcatalog; path = Assets.xcassets; sourceTree = "<group>"; };
		5B290D0C2539F9CC00F657D8 /* Base */ = {isa = PBXFileReference; lastKnownFileType = file.storyboard; name = Base; path = Base.lproj/LaunchScreen.storyboard; sourceTree = "<group>"; };
		5B290D0E2539F9CC00F657D8 /* Info.plist */ = {isa = PBXFileReference; lastKnownFileType = text.plist.xml; path = Info.plist; sourceTree = "<group>"; };
		5B290D132539F9CC00F657D8 /* MarvelCharactersTests.xctest */ = {isa = PBXFileReference; explicitFileType = wrapper.cfbundle; includeInIndex = 0; path = MarvelCharactersTests.xctest; sourceTree = BUILT_PRODUCTS_DIR; };
		5B290D172539F9CC00F657D8 /* MarvelCharactersTests.swift */ = {isa = PBXFileReference; lastKnownFileType = sourcecode.swift; path = MarvelCharactersTests.swift; sourceTree = "<group>"; };
		5B290D192539F9CC00F657D8 /* Info.plist */ = {isa = PBXFileReference; lastKnownFileType = text.plist.xml; path = Info.plist; sourceTree = "<group>"; };
		5B290D1E2539F9CC00F657D8 /* MarvelCharactersUITests.xctest */ = {isa = PBXFileReference; explicitFileType = wrapper.cfbundle; includeInIndex = 0; path = MarvelCharactersUITests.xctest; sourceTree = BUILT_PRODUCTS_DIR; };
		5B290D222539F9CC00F657D8 /* MarvelCharactersUITests.swift */ = {isa = PBXFileReference; lastKnownFileType = sourcecode.swift; path = MarvelCharactersUITests.swift; sourceTree = "<group>"; };
		5B290D242539F9CC00F657D8 /* Info.plist */ = {isa = PBXFileReference; lastKnownFileType = text.plist.xml; path = Info.plist; sourceTree = "<group>"; };
		5B290D3B2539FACD00F657D8 /* Localizable.strings */ = {isa = PBXFileReference; lastKnownFileType = text.plist.strings; path = Localizable.strings; sourceTree = "<group>"; };
		5B290D66253AE84500F657D8 /* CharactersListProtocols.swift */ = {isa = PBXFileReference; lastKnownFileType = sourcecode.swift; path = CharactersListProtocols.swift; sourceTree = "<group>"; };
		5B290D6C253AEC3F00F657D8 /* CharactersListView.xib */ = {isa = PBXFileReference; lastKnownFileType = file.xib; path = CharactersListView.xib; sourceTree = "<group>"; };
		5B290D71253AEC8500F657D8 /* CharactersListViewController.swift */ = {isa = PBXFileReference; lastKnownFileType = sourcecode.swift; path = CharactersListViewController.swift; sourceTree = "<group>"; };
		5B290D76253AECB800F657D8 /* CharactersListPresenter.swift */ = {isa = PBXFileReference; lastKnownFileType = sourcecode.swift; path = CharactersListPresenter.swift; sourceTree = "<group>"; };
		5B290D7B253AECC900F657D8 /* CharactersListInteractor.swift */ = {isa = PBXFileReference; lastKnownFileType = sourcecode.swift; path = CharactersListInteractor.swift; sourceTree = "<group>"; };
		5B290D80253AECE100F657D8 /* CharactersListDataManager.swift */ = {isa = PBXFileReference; lastKnownFileType = sourcecode.swift; path = CharactersListDataManager.swift; sourceTree = "<group>"; };
		5B290D85253AECF200F657D8 /* CharactersListRouter.swift */ = {isa = PBXFileReference; lastKnownFileType = sourcecode.swift; path = CharactersListRouter.swift; sourceTree = "<group>"; };
		5B290D8A253AED0E00F657D8 /* CharactersListViewModel.swift */ = {isa = PBXFileReference; lastKnownFileType = sourcecode.swift; path = CharactersListViewModel.swift; sourceTree = "<group>"; };
		5B290D90253AEEB600F657D8 /* CharacterModel.swift */ = {isa = PBXFileReference; lastKnownFileType = sourcecode.swift; path = CharacterModel.swift; sourceTree = "<group>"; };
		5BA817A2253B505000343E4F /* BaseProtocols.swift */ = {isa = PBXFileReference; lastKnownFileType = sourcecode.swift; path = BaseProtocols.swift; sourceTree = "<group>"; };
		5BA817D2253C8BE600343E4F /* MarvelAPIClientConfig.swift */ = {isa = PBXFileReference; lastKnownFileType = sourcecode.swift; path = MarvelAPIClientConfig.swift; sourceTree = "<group>"; };
		5BA817DA253C8C8C00343E4F /* MarvelAPIAuthentication.swift */ = {isa = PBXFileReference; lastKnownFileType = sourcecode.swift; path = MarvelAPIAuthentication.swift; sourceTree = "<group>"; };
		5BA817E2253C8D7F00343E4F /* MarvelHashGenerator.swift */ = {isa = PBXFileReference; lastKnownFileType = sourcecode.swift; path = MarvelHashGenerator.swift; sourceTree = "<group>"; };
		5BA817F1253C8E2500343E4F /* MarvelAPIParams.swift */ = {isa = PBXFileReference; lastKnownFileType = sourcecode.swift; path = MarvelAPIParams.swift; sourceTree = "<group>"; };
		5BA817F6253D045900343E4F /* CharactersListDataNetwork.swift */ = {isa = PBXFileReference; lastKnownFileType = sourcecode.swift; path = CharactersListDataNetwork.swift; sourceTree = "<group>"; };
		5BA81804253D102900343E4F /* CharactersAPIModel.swift */ = {isa = PBXFileReference; lastKnownFileType = sourcecode.swift; path = CharactersAPIModel.swift; sourceTree = "<group>"; };
		5BA8180C253E30FF00343E4F /* CharacterCellViewModel.swift */ = {isa = PBXFileReference; lastKnownFileType = sourcecode.swift; path = CharacterCellViewModel.swift; sourceTree = "<group>"; };
		5BA81814253E312000343E4F /* CharactersListTableView.swift */ = {isa = PBXFileReference; lastKnownFileType = sourcecode.swift; path = CharactersListTableView.swift; sourceTree = "<group>"; };
		5BA81819253E313E00343E4F /* CharacterTableViewCell.swift */ = {isa = PBXFileReference; lastKnownFileType = sourcecode.swift; path = CharacterTableViewCell.swift; sourceTree = "<group>"; };
		5BA8181E253E392500343E4F /* CharacterTableViewCell.xib */ = {isa = PBXFileReference; lastKnownFileType = file.xib; path = CharacterTableViewCell.xib; sourceTree = "<group>"; };
		A1FD72717AE593E5C98CA54E /* Pods_MarvelCharacters_MarvelCharactersUITests.framework */ = {isa = PBXFileReference; explicitFileType = wrapper.framework; includeInIndex = 0; path = Pods_MarvelCharacters_MarvelCharactersUITests.framework; sourceTree = BUILT_PRODUCTS_DIR; };
		AC88580AB25EB20C081831EF /* Pods-MarvelCharacters.debug.xcconfig */ = {isa = PBXFileReference; includeInIndex = 1; lastKnownFileType = text.xcconfig; name = "Pods-MarvelCharacters.debug.xcconfig"; path = "Target Support Files/Pods-MarvelCharacters/Pods-MarvelCharacters.debug.xcconfig"; sourceTree = "<group>"; };
		E1FFD11F7ED6078D0E846605 /* Pods-MarvelCharactersTests.debug.xcconfig */ = {isa = PBXFileReference; includeInIndex = 1; lastKnownFileType = text.xcconfig; name = "Pods-MarvelCharactersTests.debug.xcconfig"; path = "Target Support Files/Pods-MarvelCharactersTests/Pods-MarvelCharactersTests.debug.xcconfig"; sourceTree = "<group>"; };
		E36AAC6D923FF530607048EC /* Pods-MarvelCharacters-MarvelCharactersUITests.release.xcconfig */ = {isa = PBXFileReference; includeInIndex = 1; lastKnownFileType = text.xcconfig; name = "Pods-MarvelCharacters-MarvelCharactersUITests.release.xcconfig"; path = "Target Support Files/Pods-MarvelCharacters-MarvelCharactersUITests/Pods-MarvelCharacters-MarvelCharactersUITests.release.xcconfig"; sourceTree = "<group>"; };
		EA2A97379490188D835D946B /* Pods_MarvelCharactersTests.framework */ = {isa = PBXFileReference; explicitFileType = wrapper.framework; includeInIndex = 0; path = Pods_MarvelCharactersTests.framework; sourceTree = BUILT_PRODUCTS_DIR; };
/* End PBXFileReference section */

/* Begin PBXFrameworksBuildPhase section */
		5B290CFA2539F9CB00F657D8 /* Frameworks */ = {
			isa = PBXFrameworksBuildPhase;
			buildActionMask = 2147483647;
			files = (
				B50F44302983FAC6F761048B /* Pods_MarvelCharacters.framework in Frameworks */,
			);
			runOnlyForDeploymentPostprocessing = 0;
		};
		5B290D102539F9CC00F657D8 /* Frameworks */ = {
			isa = PBXFrameworksBuildPhase;
			buildActionMask = 2147483647;
			files = (
				769FAB95C1EED14A26E00E22 /* Pods_MarvelCharactersTests.framework in Frameworks */,
			);
			runOnlyForDeploymentPostprocessing = 0;
		};
		5B290D1B2539F9CC00F657D8 /* Frameworks */ = {
			isa = PBXFrameworksBuildPhase;
			buildActionMask = 2147483647;
			files = (
				4485367EB7638C934967562A /* Pods_MarvelCharacters_MarvelCharactersUITests.framework in Frameworks */,
			);
			runOnlyForDeploymentPostprocessing = 0;
		};
/* End PBXFrameworksBuildPhase section */

/* Begin PBXGroup section */
		5B290CF42539F9CB00F657D8 = {
			isa = PBXGroup;
			children = (
				5B290CFF2539F9CB00F657D8 /* MarvelCharacters */,
				5B290D162539F9CC00F657D8 /* MarvelCharactersTests */,
				5B290D212539F9CC00F657D8 /* MarvelCharactersUITests */,
				5B290CFE2539F9CB00F657D8 /* Products */,
				DD8BF2928DA2CE3BF3682B2A /* Pods */,
				EFE7E6D8819D07FB2D1B1C06 /* Frameworks */,
			);
			sourceTree = "<group>";
		};
		5B290CFE2539F9CB00F657D8 /* Products */ = {
			isa = PBXGroup;
			children = (
				5B290CFD2539F9CB00F657D8 /* MarvelCharacters.app */,
				5B290D132539F9CC00F657D8 /* MarvelCharactersTests.xctest */,
				5B290D1E2539F9CC00F657D8 /* MarvelCharactersUITests.xctest */,
			);
			name = Products;
			sourceTree = "<group>";
		};
		5B290CFF2539F9CB00F657D8 /* MarvelCharacters */ = {
			isa = PBXGroup;
			children = (
				5BA817C9253C8B9D00343E4F /* MarvelAPIClient */,
				5BA817A1253B503E00343E4F /* Common */,
				5B290D362539FA2900F657D8 /* AppDelegate */,
				5B290D382539FA6F00F657D8 /* Modules */,
				5B290D372539FA4500F657D8 /* Resources */,
				5B290D402539FADA00F657D8 /* Storyboards */,
				5B290D412539FAF200F657D8 /* Supporting Files */,
			);
			path = MarvelCharacters;
			sourceTree = "<group>";
		};
		5B290D162539F9CC00F657D8 /* MarvelCharactersTests */ = {
			isa = PBXGroup;
			children = (
				5B290D172539F9CC00F657D8 /* MarvelCharactersTests.swift */,
				5B290D192539F9CC00F657D8 /* Info.plist */,
			);
			path = MarvelCharactersTests;
			sourceTree = "<group>";
		};
		5B290D212539F9CC00F657D8 /* MarvelCharactersUITests */ = {
			isa = PBXGroup;
			children = (
				5B290D222539F9CC00F657D8 /* MarvelCharactersUITests.swift */,
				5B290D242539F9CC00F657D8 /* Info.plist */,
			);
			path = MarvelCharactersUITests;
			sourceTree = "<group>";
		};
		5B290D362539FA2900F657D8 /* AppDelegate */ = {
			isa = PBXGroup;
			children = (
				5B290D002539F9CB00F657D8 /* AppDelegate.swift */,
				5B290D022539F9CB00F657D8 /* SceneDelegate.swift */,
			);
			name = AppDelegate;
			sourceTree = "<group>";
		};
		5B290D372539FA4500F657D8 /* Resources */ = {
			isa = PBXGroup;
			children = (
				5B290D3A2539FAA800F657D8 /* Localization */,
				5B290D392539FA8E00F657D8 /* Assets */,
			);
			path = Resources;
			sourceTree = "<group>";
		};
		5B290D382539FA6F00F657D8 /* Modules */ = {
			isa = PBXGroup;
			children = (
				5B290D60253AE79A00F657D8 /* CharactersList */,
			);
			path = Modules;
			sourceTree = "<group>";
		};
		5B290D392539FA8E00F657D8 /* Assets */ = {
			isa = PBXGroup;
			children = (
				5B290D092539F9CC00F657D8 /* Assets.xcassets */,
			);
			path = Assets;
			sourceTree = "<group>";
		};
		5B290D3A2539FAA800F657D8 /* Localization */ = {
			isa = PBXGroup;
			children = (
				5B290D3B2539FACD00F657D8 /* Localizable.strings */,
			);
			path = Localization;
			sourceTree = "<group>";
		};
		5B290D402539FADA00F657D8 /* Storyboards */ = {
			isa = PBXGroup;
			children = (
				5B290D0B2539F9CC00F657D8 /* LaunchScreen.storyboard */,
			);
			path = Storyboards;
			sourceTree = "<group>";
		};
		5B290D412539FAF200F657D8 /* Supporting Files */ = {
			isa = PBXGroup;
			children = (
				5B290D0E2539F9CC00F657D8 /* Info.plist */,
			);
			path = "Supporting Files";
			sourceTree = "<group>";
		};
		5B290D60253AE79A00F657D8 /* CharactersList */ = {
			isa = PBXGroup;
			children = (
				5B290D8F253AEE8F00F657D8 /* Model */,
				5B290D66253AE84500F657D8 /* CharactersListProtocols.swift */,
				5B290D63253AE7B700F657D8 /* View */,
				5B290D62253AE7B100F657D8 /* Presenter */,
				5B290D65253AE81000F657D8 /* Interactor */,
				5B290D64253AE7BE00F657D8 /* DataManager */,
				5B290D61253AE7A900F657D8 /* Router */,
			);
			path = CharactersList;
			sourceTree = "<group>";
		};
		5B290D61253AE7A900F657D8 /* Router */ = {
			isa = PBXGroup;
			children = (
				5B290D85253AECF200F657D8 /* CharactersListRouter.swift */,
			);
			path = Router;
			sourceTree = "<group>";
		};
		5B290D62253AE7B100F657D8 /* Presenter */ = {
			isa = PBXGroup;
			children = (
				5B290D76253AECB800F657D8 /* CharactersListPresenter.swift */,
			);
			path = Presenter;
			sourceTree = "<group>";
		};
		5B290D63253AE7B700F657D8 /* View */ = {
			isa = PBXGroup;
			children = (
				5BA8180A253E30CA00343E4F /* CharactersListTableView */,
				5B290D6B253AEC0F00F657D8 /* ViewModel */,
				5B290D6C253AEC3F00F657D8 /* CharactersListView.xib */,
				5B290D71253AEC8500F657D8 /* CharactersListViewController.swift */,
			);
			path = View;
			sourceTree = "<group>";
		};
		5B290D64253AE7BE00F657D8 /* DataManager */ = {
			isa = PBXGroup;
			children = (
				5B290D80253AECE100F657D8 /* CharactersListDataManager.swift */,
				5BA817F6253D045900343E4F /* CharactersListDataNetwork.swift */,
			);
			path = DataManager;
			sourceTree = "<group>";
		};
		5B290D65253AE81000F657D8 /* Interactor */ = {
			isa = PBXGroup;
			children = (
				5B290D7B253AECC900F657D8 /* CharactersListInteractor.swift */,
			);
			path = Interactor;
			sourceTree = "<group>";
		};
		5B290D6B253AEC0F00F657D8 /* ViewModel */ = {
			isa = PBXGroup;
			children = (
				5B290D8A253AED0E00F657D8 /* CharactersListViewModel.swift */,
			);
			path = ViewModel;
			sourceTree = "<group>";
		};
		5B290D8F253AEE8F00F657D8 /* Model */ = {
			isa = PBXGroup;
			children = (
				5B290D90253AEEB600F657D8 /* CharacterModel.swift */,
				5BA81804253D102900343E4F /* CharactersAPIModel.swift */,
			);
			path = Model;
			sourceTree = "<group>";
		};
		5BA817A1253B503E00343E4F /* Common */ = {
			isa = PBXGroup;
			children = (
				5BA817A2253B505000343E4F /* BaseProtocols.swift */,
			);
			path = Common;
			sourceTree = "<group>";
		};
		5BA817C9253C8B9D00343E4F /* MarvelAPIClient */ = {
			isa = PBXGroup;
			children = (
				5BA817D9253C8C6D00343E4F /* Authentication */,
				5BA817D2253C8BE600343E4F /* MarvelAPIClientConfig.swift */,
				5BA817F1253C8E2500343E4F /* MarvelAPIParams.swift */,
			);
			path = MarvelAPIClient;
			sourceTree = "<group>";
		};
		5BA817D9253C8C6D00343E4F /* Authentication */ = {
			isa = PBXGroup;
			children = (
				5BA817DA253C8C8C00343E4F /* MarvelAPIAuthentication.swift */,
				5BA817E2253C8D7F00343E4F /* MarvelHashGenerator.swift */,
			);
			path = Authentication;
			sourceTree = "<group>";
		};
		5BA8180A253E30CA00343E4F /* CharactersListTableView */ = {
			isa = PBXGroup;
			children = (
				5BA8180B253E30DC00343E4F /* Models */,
				5BA81814253E312000343E4F /* CharactersListTableView.swift */,
				5BA81819253E313E00343E4F /* CharacterTableViewCell.swift */,
				5BA8181E253E392500343E4F /* CharacterTableViewCell.xib */,
			);
			path = CharactersListTableView;
			sourceTree = "<group>";
		};
		5BA8180B253E30DC00343E4F /* Models */ = {
			isa = PBXGroup;
			children = (
				5BA8180C253E30FF00343E4F /* CharacterCellViewModel.swift */,
			);
			path = Models;
			sourceTree = "<group>";
		};
		DD8BF2928DA2CE3BF3682B2A /* Pods */ = {
			isa = PBXGroup;
			children = (
				AC88580AB25EB20C081831EF /* Pods-MarvelCharacters.debug.xcconfig */,
				0623BF38C624C8E4ED787BEA /* Pods-MarvelCharacters.release.xcconfig */,
				50381DB45D6AD7094F08F83A /* Pods-MarvelCharacters-MarvelCharactersUITests.debug.xcconfig */,
				E36AAC6D923FF530607048EC /* Pods-MarvelCharacters-MarvelCharactersUITests.release.xcconfig */,
				E1FFD11F7ED6078D0E846605 /* Pods-MarvelCharactersTests.debug.xcconfig */,
				53AC506E851E6B2E12F574B6 /* Pods-MarvelCharactersTests.release.xcconfig */,
			);
			path = Pods;
			sourceTree = "<group>";
		};
		EFE7E6D8819D07FB2D1B1C06 /* Frameworks */ = {
			isa = PBXGroup;
			children = (
				5943EC688F2111EBCA2305BB /* Pods_MarvelCharacters.framework */,
				A1FD72717AE593E5C98CA54E /* Pods_MarvelCharacters_MarvelCharactersUITests.framework */,
				EA2A97379490188D835D946B /* Pods_MarvelCharactersTests.framework */,
			);
			name = Frameworks;
			sourceTree = "<group>";
		};
/* End PBXGroup section */

/* Begin PBXNativeTarget section */
		5B290CFC2539F9CB00F657D8 /* MarvelCharacters */ = {
			isa = PBXNativeTarget;
			buildConfigurationList = 5B290D272539F9CC00F657D8 /* Build configuration list for PBXNativeTarget "MarvelCharacters" */;
			buildPhases = (
				777F796675BBD746DF8F59DC /* [CP] Check Pods Manifest.lock */,
				5B290CF92539F9CB00F657D8 /* Sources */,
				5B290CFA2539F9CB00F657D8 /* Frameworks */,
				5B290CFB2539F9CB00F657D8 /* Resources */,
				16215314D0F7733D9D70A47C /* [CP] Embed Pods Frameworks */,
			);
			buildRules = (
			);
			dependencies = (
			);
			name = MarvelCharacters;
			productName = MarvelCharacters;
			productReference = 5B290CFD2539F9CB00F657D8 /* MarvelCharacters.app */;
			productType = "com.apple.product-type.application";
		};
		5B290D122539F9CC00F657D8 /* MarvelCharactersTests */ = {
			isa = PBXNativeTarget;
			buildConfigurationList = 5B290D2A2539F9CC00F657D8 /* Build configuration list for PBXNativeTarget "MarvelCharactersTests" */;
			buildPhases = (
				2BC187A9B0C60E5A8F135EE1 /* [CP] Check Pods Manifest.lock */,
				5B290D0F2539F9CC00F657D8 /* Sources */,
				5B290D102539F9CC00F657D8 /* Frameworks */,
				5B290D112539F9CC00F657D8 /* Resources */,
			);
			buildRules = (
			);
			dependencies = (
				5B290D152539F9CC00F657D8 /* PBXTargetDependency */,
			);
			name = MarvelCharactersTests;
			productName = MarvelCharactersTests;
			productReference = 5B290D132539F9CC00F657D8 /* MarvelCharactersTests.xctest */;
			productType = "com.apple.product-type.bundle.unit-test";
		};
		5B290D1D2539F9CC00F657D8 /* MarvelCharactersUITests */ = {
			isa = PBXNativeTarget;
			buildConfigurationList = 5B290D2D2539F9CC00F657D8 /* Build configuration list for PBXNativeTarget "MarvelCharactersUITests" */;
			buildPhases = (
				5478365D8470B827D18700A6 /* [CP] Check Pods Manifest.lock */,
				5B290D1A2539F9CC00F657D8 /* Sources */,
				5B290D1B2539F9CC00F657D8 /* Frameworks */,
				5B290D1C2539F9CC00F657D8 /* Resources */,
				9388ADA8DF060BC5A08B916C /* [CP] Embed Pods Frameworks */,
			);
			buildRules = (
			);
			dependencies = (
				5B290D202539F9CC00F657D8 /* PBXTargetDependency */,
			);
			name = MarvelCharactersUITests;
			productName = MarvelCharactersUITests;
			productReference = 5B290D1E2539F9CC00F657D8 /* MarvelCharactersUITests.xctest */;
			productType = "com.apple.product-type.bundle.ui-testing";
		};
/* End PBXNativeTarget section */

/* Begin PBXProject section */
		5B290CF52539F9CB00F657D8 /* Project object */ = {
			isa = PBXProject;
			attributes = {
				LastSwiftUpdateCheck = 1200;
				LastUpgradeCheck = 1200;
				TargetAttributes = {
					5B290CFC2539F9CB00F657D8 = {
						CreatedOnToolsVersion = 12.0;
					};
					5B290D122539F9CC00F657D8 = {
						CreatedOnToolsVersion = 12.0;
						TestTargetID = 5B290CFC2539F9CB00F657D8;
					};
					5B290D1D2539F9CC00F657D8 = {
						CreatedOnToolsVersion = 12.0;
						TestTargetID = 5B290CFC2539F9CB00F657D8;
					};
				};
			};
			buildConfigurationList = 5B290CF82539F9CB00F657D8 /* Build configuration list for PBXProject "MarvelCharacters" */;
			compatibilityVersion = "Xcode 9.3";
			developmentRegion = en;
			hasScannedForEncodings = 0;
			knownRegions = (
				en,
				Base,
			);
			mainGroup = 5B290CF42539F9CB00F657D8;
			productRefGroup = 5B290CFE2539F9CB00F657D8 /* Products */;
			projectDirPath = "";
			projectRoot = "";
			targets = (
				5B290CFC2539F9CB00F657D8 /* MarvelCharacters */,
				5B290D122539F9CC00F657D8 /* MarvelCharactersTests */,
				5B290D1D2539F9CC00F657D8 /* MarvelCharactersUITests */,
			);
		};
/* End PBXProject section */

/* Begin PBXResourcesBuildPhase section */
		5B290CFB2539F9CB00F657D8 /* Resources */ = {
			isa = PBXResourcesBuildPhase;
			buildActionMask = 2147483647;
			files = (
				5B290D0D2539F9CC00F657D8 /* LaunchScreen.storyboard in Resources */,
				5B290D3C2539FACD00F657D8 /* Localizable.strings in Resources */,
				5BA8181F253E392500343E4F /* CharacterTableViewCell.xib in Resources */,
				5B290D0A2539F9CC00F657D8 /* Assets.xcassets in Resources */,
				5B290D6D253AEC3F00F657D8 /* CharactersListView.xib in Resources */,
			);
			runOnlyForDeploymentPostprocessing = 0;
		};
		5B290D112539F9CC00F657D8 /* Resources */ = {
			isa = PBXResourcesBuildPhase;
			buildActionMask = 2147483647;
			files = (
			);
			runOnlyForDeploymentPostprocessing = 0;
		};
		5B290D1C2539F9CC00F657D8 /* Resources */ = {
			isa = PBXResourcesBuildPhase;
			buildActionMask = 2147483647;
			files = (
			);
			runOnlyForDeploymentPostprocessing = 0;
		};
/* End PBXResourcesBuildPhase section */

/* Begin PBXShellScriptBuildPhase section */
		16215314D0F7733D9D70A47C /* [CP] Embed Pods Frameworks */ = {
			isa = PBXShellScriptBuildPhase;
			buildActionMask = 2147483647;
			files = (
			);
			inputFileListPaths = (
				"${PODS_ROOT}/Target Support Files/Pods-MarvelCharacters/Pods-MarvelCharacters-frameworks-${CONFIGURATION}-input-files.xcfilelist",
			);
			name = "[CP] Embed Pods Frameworks";
			outputFileListPaths = (
				"${PODS_ROOT}/Target Support Files/Pods-MarvelCharacters/Pods-MarvelCharacters-frameworks-${CONFIGURATION}-output-files.xcfilelist",
			);
			runOnlyForDeploymentPostprocessing = 0;
			shellPath = /bin/sh;
			shellScript = "\"${PODS_ROOT}/Target Support Files/Pods-MarvelCharacters/Pods-MarvelCharacters-frameworks.sh\"\n";
			showEnvVarsInLog = 0;
		};
		2BC187A9B0C60E5A8F135EE1 /* [CP] Check Pods Manifest.lock */ = {
			isa = PBXShellScriptBuildPhase;
			buildActionMask = 2147483647;
			files = (
			);
			inputFileListPaths = (
			);
			inputPaths = (
				"${PODS_PODFILE_DIR_PATH}/Podfile.lock",
				"${PODS_ROOT}/Manifest.lock",
			);
			name = "[CP] Check Pods Manifest.lock";
			outputFileListPaths = (
			);
			outputPaths = (
				"$(DERIVED_FILE_DIR)/Pods-MarvelCharactersTests-checkManifestLockResult.txt",
			);
			runOnlyForDeploymentPostprocessing = 0;
			shellPath = /bin/sh;
			shellScript = "diff \"${PODS_PODFILE_DIR_PATH}/Podfile.lock\" \"${PODS_ROOT}/Manifest.lock\" > /dev/null\nif [ $? != 0 ] ; then\n    # print error to STDERR\n    echo \"error: The sandbox is not in sync with the Podfile.lock. Run 'pod install' or update your CocoaPods installation.\" >&2\n    exit 1\nfi\n# This output is used by Xcode 'outputs' to avoid re-running this script phase.\necho \"SUCCESS\" > \"${SCRIPT_OUTPUT_FILE_0}\"\n";
			showEnvVarsInLog = 0;
		};
		5478365D8470B827D18700A6 /* [CP] Check Pods Manifest.lock */ = {
			isa = PBXShellScriptBuildPhase;
			buildActionMask = 2147483647;
			files = (
			);
			inputFileListPaths = (
			);
			inputPaths = (
				"${PODS_PODFILE_DIR_PATH}/Podfile.lock",
				"${PODS_ROOT}/Manifest.lock",
			);
			name = "[CP] Check Pods Manifest.lock";
			outputFileListPaths = (
			);
			outputPaths = (
				"$(DERIVED_FILE_DIR)/Pods-MarvelCharacters-MarvelCharactersUITests-checkManifestLockResult.txt",
			);
			runOnlyForDeploymentPostprocessing = 0;
			shellPath = /bin/sh;
			shellScript = "diff \"${PODS_PODFILE_DIR_PATH}/Podfile.lock\" \"${PODS_ROOT}/Manifest.lock\" > /dev/null\nif [ $? != 0 ] ; then\n    # print error to STDERR\n    echo \"error: The sandbox is not in sync with the Podfile.lock. Run 'pod install' or update your CocoaPods installation.\" >&2\n    exit 1\nfi\n# This output is used by Xcode 'outputs' to avoid re-running this script phase.\necho \"SUCCESS\" > \"${SCRIPT_OUTPUT_FILE_0}\"\n";
			showEnvVarsInLog = 0;
		};
		777F796675BBD746DF8F59DC /* [CP] Check Pods Manifest.lock */ = {
			isa = PBXShellScriptBuildPhase;
			buildActionMask = 2147483647;
			files = (
			);
			inputFileListPaths = (
			);
			inputPaths = (
				"${PODS_PODFILE_DIR_PATH}/Podfile.lock",
				"${PODS_ROOT}/Manifest.lock",
			);
			name = "[CP] Check Pods Manifest.lock";
			outputFileListPaths = (
			);
			outputPaths = (
				"$(DERIVED_FILE_DIR)/Pods-MarvelCharacters-checkManifestLockResult.txt",
			);
			runOnlyForDeploymentPostprocessing = 0;
			shellPath = /bin/sh;
			shellScript = "diff \"${PODS_PODFILE_DIR_PATH}/Podfile.lock\" \"${PODS_ROOT}/Manifest.lock\" > /dev/null\nif [ $? != 0 ] ; then\n    # print error to STDERR\n    echo \"error: The sandbox is not in sync with the Podfile.lock. Run 'pod install' or update your CocoaPods installation.\" >&2\n    exit 1\nfi\n# This output is used by Xcode 'outputs' to avoid re-running this script phase.\necho \"SUCCESS\" > \"${SCRIPT_OUTPUT_FILE_0}\"\n";
			showEnvVarsInLog = 0;
		};
		9388ADA8DF060BC5A08B916C /* [CP] Embed Pods Frameworks */ = {
			isa = PBXShellScriptBuildPhase;
			buildActionMask = 2147483647;
			files = (
			);
			inputFileListPaths = (
				"${PODS_ROOT}/Target Support Files/Pods-MarvelCharacters-MarvelCharactersUITests/Pods-MarvelCharacters-MarvelCharactersUITests-frameworks-${CONFIGURATION}-input-files.xcfilelist",
			);
			name = "[CP] Embed Pods Frameworks";
			outputFileListPaths = (
				"${PODS_ROOT}/Target Support Files/Pods-MarvelCharacters-MarvelCharactersUITests/Pods-MarvelCharacters-MarvelCharactersUITests-frameworks-${CONFIGURATION}-output-files.xcfilelist",
			);
			runOnlyForDeploymentPostprocessing = 0;
			shellPath = /bin/sh;
			shellScript = "\"${PODS_ROOT}/Target Support Files/Pods-MarvelCharacters-MarvelCharactersUITests/Pods-MarvelCharacters-MarvelCharactersUITests-frameworks.sh\"\n";
			showEnvVarsInLog = 0;
		};
/* End PBXShellScriptBuildPhase section */

/* Begin PBXSourcesBuildPhase section */
		5B290CF92539F9CB00F657D8 /* Sources */ = {
			isa = PBXSourcesBuildPhase;
			buildActionMask = 2147483647;
			files = (
				5B290D8B253AED0E00F657D8 /* CharactersListViewModel.swift in Sources */,
				5B290D91253AEEB600F657D8 /* CharacterModel.swift in Sources */,
				5BA817A3253B505000343E4F /* BaseProtocols.swift in Sources */,
				5BA81815253E312000343E4F /* CharactersListTableView.swift in Sources */,
				5BA817F7253D045900343E4F /* CharactersListDataNetwork.swift in Sources */,
				5BA8180D253E30FF00343E4F /* CharacterCellViewModel.swift in Sources */,
				5B290D7C253AECC900F657D8 /* CharactersListInteractor.swift in Sources */,
				5BA8181A253E313E00343E4F /* CharacterTableViewCell.swift in Sources */,
				5BA817F2253C8E2500343E4F /* MarvelAPIParams.swift in Sources */,
				5B290D77253AECB800F657D8 /* CharactersListPresenter.swift in Sources */,
				5B290D86253AECF200F657D8 /* CharactersListRouter.swift in Sources */,
				5B290D81253AECE100F657D8 /* CharactersListDataManager.swift in Sources */,
				5B290D72253AEC8500F657D8 /* CharactersListViewController.swift in Sources */,
				5B290D012539F9CB00F657D8 /* AppDelegate.swift in Sources */,
				5BA817E3253C8D7F00343E4F /* MarvelHashGenerator.swift in Sources */,
				5B290D67253AE84500F657D8 /* CharactersListProtocols.swift in Sources */,
				5BA817DB253C8C8C00343E4F /* MarvelAPIAuthentication.swift in Sources */,
				5BA817D3253C8BE600343E4F /* MarvelAPIClientConfig.swift in Sources */,
				5BA81805253D102900343E4F /* CharactersAPIModel.swift in Sources */,
				5B290D032539F9CB00F657D8 /* SceneDelegate.swift in Sources */,
			);
			runOnlyForDeploymentPostprocessing = 0;
		};
		5B290D0F2539F9CC00F657D8 /* Sources */ = {
			isa = PBXSourcesBuildPhase;
			buildActionMask = 2147483647;
			files = (
				5B290D182539F9CC00F657D8 /* MarvelCharactersTests.swift in Sources */,
			);
			runOnlyForDeploymentPostprocessing = 0;
		};
		5B290D1A2539F9CC00F657D8 /* Sources */ = {
			isa = PBXSourcesBuildPhase;
			buildActionMask = 2147483647;
			files = (
				5B290D232539F9CC00F657D8 /* MarvelCharactersUITests.swift in Sources */,
			);
			runOnlyForDeploymentPostprocessing = 0;
		};
/* End PBXSourcesBuildPhase section */

/* Begin PBXTargetDependency section */
		5B290D152539F9CC00F657D8 /* PBXTargetDependency */ = {
			isa = PBXTargetDependency;
			target = 5B290CFC2539F9CB00F657D8 /* MarvelCharacters */;
			targetProxy = 5B290D142539F9CC00F657D8 /* PBXContainerItemProxy */;
		};
		5B290D202539F9CC00F657D8 /* PBXTargetDependency */ = {
			isa = PBXTargetDependency;
			target = 5B290CFC2539F9CB00F657D8 /* MarvelCharacters */;
			targetProxy = 5B290D1F2539F9CC00F657D8 /* PBXContainerItemProxy */;
		};
/* End PBXTargetDependency section */

/* Begin PBXVariantGroup section */
		5B290D0B2539F9CC00F657D8 /* LaunchScreen.storyboard */ = {
			isa = PBXVariantGroup;
			children = (
				5B290D0C2539F9CC00F657D8 /* Base */,
			);
			name = LaunchScreen.storyboard;
			sourceTree = "<group>";
		};
/* End PBXVariantGroup section */

/* Begin XCBuildConfiguration section */
		5B290D252539F9CC00F657D8 /* Debug */ = {
			isa = XCBuildConfiguration;
			buildSettings = {
				ALWAYS_SEARCH_USER_PATHS = NO;
				CLANG_ANALYZER_NONNULL = YES;
				CLANG_ANALYZER_NUMBER_OBJECT_CONVERSION = YES_AGGRESSIVE;
				CLANG_CXX_LANGUAGE_STANDARD = "gnu++14";
				CLANG_CXX_LIBRARY = "libc++";
				CLANG_ENABLE_MODULES = YES;
				CLANG_ENABLE_OBJC_ARC = YES;
				CLANG_ENABLE_OBJC_WEAK = YES;
				CLANG_WARN_BLOCK_CAPTURE_AUTORELEASING = YES;
				CLANG_WARN_BOOL_CONVERSION = YES;
				CLANG_WARN_COMMA = YES;
				CLANG_WARN_CONSTANT_CONVERSION = YES;
				CLANG_WARN_DEPRECATED_OBJC_IMPLEMENTATIONS = YES;
				CLANG_WARN_DIRECT_OBJC_ISA_USAGE = YES_ERROR;
				CLANG_WARN_DOCUMENTATION_COMMENTS = YES;
				CLANG_WARN_EMPTY_BODY = YES;
				CLANG_WARN_ENUM_CONVERSION = YES;
				CLANG_WARN_INFINITE_RECURSION = YES;
				CLANG_WARN_INT_CONVERSION = YES;
				CLANG_WARN_NON_LITERAL_NULL_CONVERSION = YES;
				CLANG_WARN_OBJC_IMPLICIT_RETAIN_SELF = YES;
				CLANG_WARN_OBJC_LITERAL_CONVERSION = YES;
				CLANG_WARN_OBJC_ROOT_CLASS = YES_ERROR;
				CLANG_WARN_QUOTED_INCLUDE_IN_FRAMEWORK_HEADER = YES;
				CLANG_WARN_RANGE_LOOP_ANALYSIS = YES;
				CLANG_WARN_STRICT_PROTOTYPES = YES;
				CLANG_WARN_SUSPICIOUS_MOVE = YES;
				CLANG_WARN_UNGUARDED_AVAILABILITY = YES_AGGRESSIVE;
				CLANG_WARN_UNREACHABLE_CODE = YES;
				CLANG_WARN__DUPLICATE_METHOD_MATCH = YES;
				COPY_PHASE_STRIP = NO;
				DEBUG_INFORMATION_FORMAT = dwarf;
				ENABLE_STRICT_OBJC_MSGSEND = YES;
				ENABLE_TESTABILITY = YES;
				GCC_C_LANGUAGE_STANDARD = gnu11;
				GCC_DYNAMIC_NO_PIC = NO;
				GCC_NO_COMMON_BLOCKS = YES;
				GCC_OPTIMIZATION_LEVEL = 0;
				GCC_PREPROCESSOR_DEFINITIONS = (
					"DEBUG=1",
					"$(inherited)",
				);
				GCC_WARN_64_TO_32_BIT_CONVERSION = YES;
				GCC_WARN_ABOUT_RETURN_TYPE = YES_ERROR;
				GCC_WARN_UNDECLARED_SELECTOR = YES;
				GCC_WARN_UNINITIALIZED_AUTOS = YES_AGGRESSIVE;
				GCC_WARN_UNUSED_FUNCTION = YES;
				GCC_WARN_UNUSED_VARIABLE = YES;
				IPHONEOS_DEPLOYMENT_TARGET = 13.0;
				MTL_ENABLE_DEBUG_INFO = INCLUDE_SOURCE;
				MTL_FAST_MATH = YES;
				ONLY_ACTIVE_ARCH = YES;
				SDKROOT = iphoneos;
				SWIFT_ACTIVE_COMPILATION_CONDITIONS = DEBUG;
				SWIFT_OPTIMIZATION_LEVEL = "-Onone";
			};
			name = Debug;
		};
		5B290D262539F9CC00F657D8 /* Release */ = {
			isa = XCBuildConfiguration;
			buildSettings = {
				ALWAYS_SEARCH_USER_PATHS = NO;
				CLANG_ANALYZER_NONNULL = YES;
				CLANG_ANALYZER_NUMBER_OBJECT_CONVERSION = YES_AGGRESSIVE;
				CLANG_CXX_LANGUAGE_STANDARD = "gnu++14";
				CLANG_CXX_LIBRARY = "libc++";
				CLANG_ENABLE_MODULES = YES;
				CLANG_ENABLE_OBJC_ARC = YES;
				CLANG_ENABLE_OBJC_WEAK = YES;
				CLANG_WARN_BLOCK_CAPTURE_AUTORELEASING = YES;
				CLANG_WARN_BOOL_CONVERSION = YES;
				CLANG_WARN_COMMA = YES;
				CLANG_WARN_CONSTANT_CONVERSION = YES;
				CLANG_WARN_DEPRECATED_OBJC_IMPLEMENTATIONS = YES;
				CLANG_WARN_DIRECT_OBJC_ISA_USAGE = YES_ERROR;
				CLANG_WARN_DOCUMENTATION_COMMENTS = YES;
				CLANG_WARN_EMPTY_BODY = YES;
				CLANG_WARN_ENUM_CONVERSION = YES;
				CLANG_WARN_INFINITE_RECURSION = YES;
				CLANG_WARN_INT_CONVERSION = YES;
				CLANG_WARN_NON_LITERAL_NULL_CONVERSION = YES;
				CLANG_WARN_OBJC_IMPLICIT_RETAIN_SELF = YES;
				CLANG_WARN_OBJC_LITERAL_CONVERSION = YES;
				CLANG_WARN_OBJC_ROOT_CLASS = YES_ERROR;
				CLANG_WARN_QUOTED_INCLUDE_IN_FRAMEWORK_HEADER = YES;
				CLANG_WARN_RANGE_LOOP_ANALYSIS = YES;
				CLANG_WARN_STRICT_PROTOTYPES = YES;
				CLANG_WARN_SUSPICIOUS_MOVE = YES;
				CLANG_WARN_UNGUARDED_AVAILABILITY = YES_AGGRESSIVE;
				CLANG_WARN_UNREACHABLE_CODE = YES;
				CLANG_WARN__DUPLICATE_METHOD_MATCH = YES;
				COPY_PHASE_STRIP = NO;
				DEBUG_INFORMATION_FORMAT = "dwarf-with-dsym";
				ENABLE_NS_ASSERTIONS = NO;
				ENABLE_STRICT_OBJC_MSGSEND = YES;
				GCC_C_LANGUAGE_STANDARD = gnu11;
				GCC_NO_COMMON_BLOCKS = YES;
				GCC_WARN_64_TO_32_BIT_CONVERSION = YES;
				GCC_WARN_ABOUT_RETURN_TYPE = YES_ERROR;
				GCC_WARN_UNDECLARED_SELECTOR = YES;
				GCC_WARN_UNINITIALIZED_AUTOS = YES_AGGRESSIVE;
				GCC_WARN_UNUSED_FUNCTION = YES;
				GCC_WARN_UNUSED_VARIABLE = YES;
				IPHONEOS_DEPLOYMENT_TARGET = 13.0;
				MTL_ENABLE_DEBUG_INFO = NO;
				MTL_FAST_MATH = YES;
				SDKROOT = iphoneos;
				SWIFT_COMPILATION_MODE = wholemodule;
				SWIFT_OPTIMIZATION_LEVEL = "-O";
				VALIDATE_PRODUCT = YES;
			};
			name = Release;
		};
		5B290D282539F9CC00F657D8 /* Debug */ = {
			isa = XCBuildConfiguration;
			baseConfigurationReference = AC88580AB25EB20C081831EF /* Pods-MarvelCharacters.debug.xcconfig */;
			buildSettings = {
				ASSETCATALOG_COMPILER_APPICON_NAME = AppIcon;
				ASSETCATALOG_COMPILER_GLOBAL_ACCENT_COLOR_NAME = AccentColor;
				CODE_SIGN_STYLE = Automatic;
				DEVELOPMENT_TEAM = 54P7L7852V;
				INFOPLIST_FILE = "MarvelCharacters/Supporting Files/Info.plist";
				LD_RUNPATH_SEARCH_PATHS = (
					"$(inherited)",
					"@executable_path/Frameworks",
				);
				PRODUCT_BUNDLE_IDENTIFIER = com.noeda.MarvelCharacters;
				PRODUCT_NAME = "$(TARGET_NAME)";
				SWIFT_VERSION = 5.0;
				TARGETED_DEVICE_FAMILY = 1;
			};
			name = Debug;
		};
		5B290D292539F9CC00F657D8 /* Release */ = {
			isa = XCBuildConfiguration;
			baseConfigurationReference = 0623BF38C624C8E4ED787BEA /* Pods-MarvelCharacters.release.xcconfig */;
			buildSettings = {
				ASSETCATALOG_COMPILER_APPICON_NAME = AppIcon;
				ASSETCATALOG_COMPILER_GLOBAL_ACCENT_COLOR_NAME = AccentColor;
				CODE_SIGN_STYLE = Automatic;
				DEVELOPMENT_TEAM = 54P7L7852V;
				INFOPLIST_FILE = "MarvelCharacters/Supporting Files/Info.plist";
				LD_RUNPATH_SEARCH_PATHS = (
					"$(inherited)",
					"@executable_path/Frameworks",
				);
				PRODUCT_BUNDLE_IDENTIFIER = com.noeda.MarvelCharacters;
				PRODUCT_NAME = "$(TARGET_NAME)";
				SWIFT_VERSION = 5.0;
				TARGETED_DEVICE_FAMILY = 1;
			};
			name = Release;
		};
		5B290D2B2539F9CC00F657D8 /* Debug */ = {
			isa = XCBuildConfiguration;
			baseConfigurationReference = E1FFD11F7ED6078D0E846605 /* Pods-MarvelCharactersTests.debug.xcconfig */;
			buildSettings = {
				ALWAYS_EMBED_SWIFT_STANDARD_LIBRARIES = YES;
				BUNDLE_LOADER = "$(TEST_HOST)";
				CODE_SIGN_STYLE = Automatic;
				DEVELOPMENT_TEAM = 54P7L7852V;
				INFOPLIST_FILE = MarvelCharactersTests/Info.plist;
				IPHONEOS_DEPLOYMENT_TARGET = 14.0;
				LD_RUNPATH_SEARCH_PATHS = (
					"$(inherited)",
					"@executable_path/Frameworks",
					"@loader_path/Frameworks",
				);
				PRODUCT_BUNDLE_IDENTIFIER = com.noeda.MarvelCharactersTests;
				PRODUCT_NAME = "$(TARGET_NAME)";
				SWIFT_VERSION = 5.0;
				TARGETED_DEVICE_FAMILY = "1,2";
				TEST_HOST = "$(BUILT_PRODUCTS_DIR)/MarvelCharacters.app/MarvelCharacters";
			};
			name = Debug;
		};
		5B290D2C2539F9CC00F657D8 /* Release */ = {
			isa = XCBuildConfiguration;
			baseConfigurationReference = 53AC506E851E6B2E12F574B6 /* Pods-MarvelCharactersTests.release.xcconfig */;
			buildSettings = {
				ALWAYS_EMBED_SWIFT_STANDARD_LIBRARIES = YES;
				BUNDLE_LOADER = "$(TEST_HOST)";
				CODE_SIGN_STYLE = Automatic;
				DEVELOPMENT_TEAM = 54P7L7852V;
				INFOPLIST_FILE = MarvelCharactersTests/Info.plist;
				IPHONEOS_DEPLOYMENT_TARGET = 14.0;
				LD_RUNPATH_SEARCH_PATHS = (
					"$(inherited)",
					"@executable_path/Frameworks",
					"@loader_path/Frameworks",
				);
				PRODUCT_BUNDLE_IDENTIFIER = com.noeda.MarvelCharactersTests;
				PRODUCT_NAME = "$(TARGET_NAME)";
				SWIFT_VERSION = 5.0;
				TARGETED_DEVICE_FAMILY = "1,2";
				TEST_HOST = "$(BUILT_PRODUCTS_DIR)/MarvelCharacters.app/MarvelCharacters";
			};
			name = Release;
		};
		5B290D2E2539F9CC00F657D8 /* Debug */ = {
			isa = XCBuildConfiguration;
			baseConfigurationReference = 50381DB45D6AD7094F08F83A /* Pods-MarvelCharacters-MarvelCharactersUITests.debug.xcconfig */;
			buildSettings = {
				ALWAYS_EMBED_SWIFT_STANDARD_LIBRARIES = YES;
				CODE_SIGN_STYLE = Automatic;
				DEVELOPMENT_TEAM = 54P7L7852V;
				INFOPLIST_FILE = MarvelCharactersUITests/Info.plist;
				LD_RUNPATH_SEARCH_PATHS = (
					"$(inherited)",
					"@executable_path/Frameworks",
					"@loader_path/Frameworks",
				);
				PRODUCT_BUNDLE_IDENTIFIER = com.noeda.MarvelCharactersUITests;
				PRODUCT_NAME = "$(TARGET_NAME)";
				SWIFT_VERSION = 5.0;
				TARGETED_DEVICE_FAMILY = "1,2";
				TEST_TARGET_NAME = MarvelCharacters;
			};
			name = Debug;
		};
		5B290D2F2539F9CC00F657D8 /* Release */ = {
			isa = XCBuildConfiguration;
			baseConfigurationReference = E36AAC6D923FF530607048EC /* Pods-MarvelCharacters-MarvelCharactersUITests.release.xcconfig */;
			buildSettings = {
				ALWAYS_EMBED_SWIFT_STANDARD_LIBRARIES = YES;
				CODE_SIGN_STYLE = Automatic;
				DEVELOPMENT_TEAM = 54P7L7852V;
				INFOPLIST_FILE = MarvelCharactersUITests/Info.plist;
				LD_RUNPATH_SEARCH_PATHS = (
					"$(inherited)",
					"@executable_path/Frameworks",
					"@loader_path/Frameworks",
				);
				PRODUCT_BUNDLE_IDENTIFIER = com.noeda.MarvelCharactersUITests;
				PRODUCT_NAME = "$(TARGET_NAME)";
				SWIFT_VERSION = 5.0;
				TARGETED_DEVICE_FAMILY = "1,2";
				TEST_TARGET_NAME = MarvelCharacters;
			};
			name = Release;
		};
/* End XCBuildConfiguration section */

/* Begin XCConfigurationList section */
		5B290CF82539F9CB00F657D8 /* Build configuration list for PBXProject "MarvelCharacters" */ = {
			isa = XCConfigurationList;
			buildConfigurations = (
				5B290D252539F9CC00F657D8 /* Debug */,
				5B290D262539F9CC00F657D8 /* Release */,
			);
			defaultConfigurationIsVisible = 0;
			defaultConfigurationName = Release;
		};
		5B290D272539F9CC00F657D8 /* Build configuration list for PBXNativeTarget "MarvelCharacters" */ = {
			isa = XCConfigurationList;
			buildConfigurations = (
				5B290D282539F9CC00F657D8 /* Debug */,
				5B290D292539F9CC00F657D8 /* Release */,
			);
			defaultConfigurationIsVisible = 0;
			defaultConfigurationName = Release;
		};
		5B290D2A2539F9CC00F657D8 /* Build configuration list for PBXNativeTarget "MarvelCharactersTests" */ = {
			isa = XCConfigurationList;
			buildConfigurations = (
				5B290D2B2539F9CC00F657D8 /* Debug */,
				5B290D2C2539F9CC00F657D8 /* Release */,
			);
			defaultConfigurationIsVisible = 0;
			defaultConfigurationName = Release;
		};
		5B290D2D2539F9CC00F657D8 /* Build configuration list for PBXNativeTarget "MarvelCharactersUITests" */ = {
			isa = XCConfigurationList;
			buildConfigurations = (
				5B290D2E2539F9CC00F657D8 /* Debug */,
				5B290D2F2539F9CC00F657D8 /* Release */,
			);
			defaultConfigurationIsVisible = 0;
			defaultConfigurationName = Release;
		};
/* End XCConfigurationList section */
	};
	rootObject = 5B290CF52539F9CB00F657D8 /* Project object */;
}
